
Microsoft Visual Studio Solution File, Format Version 12.00
# Visual Studio 15
VisualStudioVersion = 15.0.28307.572
MinimumVisualStudioVersion = 10.0.40219.1
Project("{FAE04EC0-301F-11D3-BF4B-00C04F79EFBC}") = "DD.Crm.SolutionManager", "src\DD.Crm.SolutionManager\DD.Crm.SolutionManager.csproj", "{6202C2CD-20A0-4140-9674-35EBD030A6E0}"
EndProject
Project("{FAE04EC0-301F-11D3-BF4B-00C04F79EFBC}") = "Executer", "src\Executer\Executer.csproj", "{1EE0C052-964E-4B4E-BC62-3AD4386F134C}"
EndProject
Global
	GlobalSection(SolutionConfigurationPlatforms) = preSolution
		Debug|Any CPU = Debug|Any CPU
		Release|Any CPU = Release|Any CPU
	EndGlobalSection
	GlobalSection(ProjectConfigurationPlatforms) = postSolution
		{6202C2CD-20A0-4140-9674-35EBD030A6E0}.Debug|Any CPU.ActiveCfg = Debug|Any CPU
		{6202C2CD-20A0-4140-9674-35EBD030A6E0}.Debug|Any CPU.Build.0 = Debug|Any CPU
		{6202C2CD-20A0-4140-9674-35EBD030A6E0}.Release|Any CPU.ActiveCfg = Release|Any CPU
		{6202C2CD-20A0-4140-9674-35EBD030A6E0}.Release|Any CPU.Build.0 = Release|Any CPU
		{1EE0C052-964E-4B4E-BC62-3AD4386F134C}.Debug|Any CPU.ActiveCfg = Debug|Any CPU
		{1EE0C052-964E-4B4E-BC62-3AD4386F134C}.Debug|Any CPU.Build.0 = Debug|Any CPU
		{1EE0C052-964E-4B4E-BC62-3AD4386F134C}.Release|Any CPU.ActiveCfg = Release|Any CPU
		{1EE0C052-964E-4B4E-BC62-3AD4386F134C}.Release|Any CPU.Build.0 = Release|Any CPU
	EndGlobalSection
	GlobalSection(SolutionProperties) = preSolution
		HideSolutionNode = FALSE
	EndGlobalSection
	GlobalSection(ExtensibilityGlobals) = postSolution
		SolutionGuid = {A08155ED-0074-420D-AAB8-52EB364224F5}
	EndGlobalSection
EndGlobal
